
Microsoft Visual Studio Solution File, Format Version 12.00
# Visual Studio 14
VisualStudioVersion = 14.0.25420.1
MinimumVisualStudioVersion = 10.0.40219.1
Project("{FAE04EC0-301F-11D3-BF4B-00C04F79EFBC}") = "EFDI", "EFDI\EFDI.csproj", "{06A9840E-B50A-43FE-AE4B-A87FE07E3A15}"
EndProject
Project("{FAE04EC0-301F-11D3-BF4B-00C04F79EFBC}") = "EFDI.Data", "EFDI.Data\EFDI.Data.csproj", "{F654FDD1-992A-4B5C-ACBA-5A4C94991911}"
EndProject
Project("{FAE04EC0-301F-11D3-BF4B-00C04F79EFBC}") = "EFDITests", "EFDITests\EFDITests.csproj", "{B443A478-6F56-4D27-8651-29B663201B20}"
EndProject
Project("{FAE04EC0-301F-11D3-BF4B-00C04F79EFBC}") = "EFDI.Services", "EFDI.Services\EFDI.Services.csproj", "{B656CA1B-9410-4085-90E8-A08FCF308FA4}"
EndProject
Project("{FAE04EC0-301F-11D3-BF4B-00C04F79EFBC}") = "EFDI.ServicesTests", "EFDI.ServicesTests\EFDI.ServicesTests.csproj", "{670073FC-F932-49B9-AD23-ABBD110826A8}"
EndProject
Project("{FAE04EC0-301F-11D3-BF4B-00C04F79EFBC}") = "EFDI.Repository", "EFDI.Repository\EFDI.Repository.csproj", "{E11E3395-CCB2-4E86-816F-C0C09C9EC9A2}"
EndProject
Project("{FAE04EC0-301F-11D3-BF4B-00C04F79EFBC}") = "EFDI.Domain", "EFDI.Domain\EFDI.Domain.csproj", "{A0B37EE5-8221-42B2-A729-566DF3C18B83}"
EndProject
Project("{2150E333-8FDC-42A3-9474-1A3956D46DE8}") = "Libraries", "Libraries", "{23BBFA51-CA41-4EB9-A68A-2E086276461E}"
EndProject
Project("{FAE04EC0-301F-11D3-BF4B-00C04F79EFBC}") = "EFDI.CommonLibrary", "EFDI.CommonLibrary\EFDI.CommonLibrary.csproj", "{34F6DAAA-FB7D-4AD6-A9FB-AB94721EC1D3}"
EndProject
Global
	GlobalSection(SolutionConfigurationPlatforms) = preSolution
		Debug|Any CPU = Debug|Any CPU
		Release|Any CPU = Release|Any CPU
	EndGlobalSection
	GlobalSection(ProjectConfigurationPlatforms) = postSolution
		{06A9840E-B50A-43FE-AE4B-A87FE07E3A15}.Debug|Any CPU.ActiveCfg = Debug|Any CPU
		{06A9840E-B50A-43FE-AE4B-A87FE07E3A15}.Debug|Any CPU.Build.0 = Debug|Any CPU
		{06A9840E-B50A-43FE-AE4B-A87FE07E3A15}.Release|Any CPU.ActiveCfg = Release|Any CPU
		{06A9840E-B50A-43FE-AE4B-A87FE07E3A15}.Release|Any CPU.Build.0 = Release|Any CPU
		{F654FDD1-992A-4B5C-ACBA-5A4C94991911}.Debug|Any CPU.ActiveCfg = Debug|Any CPU
		{F654FDD1-992A-4B5C-ACBA-5A4C94991911}.Debug|Any CPU.Build.0 = Debug|Any CPU
		{F654FDD1-992A-4B5C-ACBA-5A4C94991911}.Release|Any CPU.ActiveCfg = Release|Any CPU
		{F654FDD1-992A-4B5C-ACBA-5A4C94991911}.Release|Any CPU.Build.0 = Release|Any CPU
		{B443A478-6F56-4D27-8651-29B663201B20}.Debug|Any CPU.ActiveCfg = Debug|Any CPU
		{B443A478-6F56-4D27-8651-29B663201B20}.Debug|Any CPU.Build.0 = Debug|Any CPU
		{B443A478-6F56-4D27-8651-29B663201B20}.Release|Any CPU.ActiveCfg = Release|Any CPU
		{B443A478-6F56-4D27-8651-29B663201B20}.Release|Any CPU.Build.0 = Release|Any CPU
		{B656CA1B-9410-4085-90E8-A08FCF308FA4}.Debug|Any CPU.ActiveCfg = Debug|Any CPU
		{B656CA1B-9410-4085-90E8-A08FCF308FA4}.Debug|Any CPU.Build.0 = Debug|Any CPU
		{B656CA1B-9410-4085-90E8-A08FCF308FA4}.Release|Any CPU.ActiveCfg = Release|Any CPU
		{B656CA1B-9410-4085-90E8-A08FCF308FA4}.Release|Any CPU.Build.0 = Release|Any CPU
		{670073FC-F932-49B9-AD23-ABBD110826A8}.Debug|Any CPU.ActiveCfg = Debug|Any CPU
		{670073FC-F932-49B9-AD23-ABBD110826A8}.Debug|Any CPU.Build.0 = Debug|Any CPU
		{670073FC-F932-49B9-AD23-ABBD110826A8}.Release|Any CPU.ActiveCfg = Release|Any CPU
		{670073FC-F932-49B9-AD23-ABBD110826A8}.Release|Any CPU.Build.0 = Release|Any CPU
		{E11E3395-CCB2-4E86-816F-C0C09C9EC9A2}.Debug|Any CPU.ActiveCfg = Debug|Any CPU
		{E11E3395-CCB2-4E86-816F-C0C09C9EC9A2}.Debug|Any CPU.Build.0 = Debug|Any CPU
		{E11E3395-CCB2-4E86-816F-C0C09C9EC9A2}.Release|Any CPU.ActiveCfg = Release|Any CPU
		{E11E3395-CCB2-4E86-816F-C0C09C9EC9A2}.Release|Any CPU.Build.0 = Release|Any CPU
		{A0B37EE5-8221-42B2-A729-566DF3C18B83}.Debug|Any CPU.ActiveCfg = Debug|Any CPU
		{A0B37EE5-8221-42B2-A729-566DF3C18B83}.Debug|Any CPU.Build.0 = Debug|Any CPU
		{A0B37EE5-8221-42B2-A729-566DF3C18B83}.Release|Any CPU.ActiveCfg = Release|Any CPU
		{A0B37EE5-8221-42B2-A729-566DF3C18B83}.Release|Any CPU.Build.0 = Release|Any CPU
		{34F6DAAA-FB7D-4AD6-A9FB-AB94721EC1D3}.Debug|Any CPU.ActiveCfg = Debug|Any CPU
		{34F6DAAA-FB7D-4AD6-A9FB-AB94721EC1D3}.Debug|Any CPU.Build.0 = Debug|Any CPU
		{34F6DAAA-FB7D-4AD6-A9FB-AB94721EC1D3}.Release|Any CPU.ActiveCfg = Release|Any CPU
		{34F6DAAA-FB7D-4AD6-A9FB-AB94721EC1D3}.Release|Any CPU.Build.0 = Release|Any CPU
	EndGlobalSection
	GlobalSection(SolutionProperties) = preSolution
		HideSolutionNode = FALSE
	EndGlobalSection
	GlobalSection(NestedProjects) = preSolution
		{34F6DAAA-FB7D-4AD6-A9FB-AB94721EC1D3} = {23BBFA51-CA41-4EB9-A68A-2E086276461E}
	EndGlobalSection
EndGlobal
